
Microsoft Visual Studio Solution File, Format Version 12.00
# Visual Studio Version 17
VisualStudioVersion = 17.3.32929.385
MinimumVisualStudioVersion = 10.0.40219.1
Project("{FAE04EC0-301F-11D3-BF4B-00C04F79EFBC}") = "RAB_Session 05_Skills", "RAB_Session 05_Skills.csproj", "{A588F57C-9CB1-40FC-9285-FFFCC1C9B3DF}"
EndProject
Global
	GlobalSection(SolutionConfigurationPlatforms) = preSolution
		Debug|Any CPU = Debug|Any CPU
		Release|Any CPU = Release|Any CPU
	EndGlobalSection
	GlobalSection(ProjectConfigurationPlatforms) = postSolution
		{A588F57C-9CB1-40FC-9285-FFFCC1C9B3DF}.Debug|Any CPU.ActiveCfg = Debug|Any CPU
		{A588F57C-9CB1-40FC-9285-FFFCC1C9B3DF}.Debug|Any CPU.Build.0 = Debug|Any CPU
		{A588F57C-9CB1-40FC-9285-FFFCC1C9B3DF}.Release|Any CPU.ActiveCfg = Release|Any CPU
		{A588F57C-9CB1-40FC-9285-FFFCC1C9B3DF}.Release|Any CPU.Build.0 = Release|Any CPU
	EndGlobalSection
	GlobalSection(SolutionProperties) = preSolution
		HideSolutionNode = FALSE
	EndGlobalSection
	GlobalSection(ExtensibilityGlobals) = postSolution
		SolutionGuid = {26F75E0D-24B3-4BEC-BA87-33D2E6685957}
	EndGlobalSection
EndGlobal
